{
  "name": "locustjs-extensions-options",
  "version": "1.0.0",
  "lockfileVersion": 1,
  "requires": true,
  "dependencies": {
    "locustjs-base": {
      "version": "1.0.1",
      "resolved": "https://registry.npmjs.org/locustjs-base/-/locustjs-base-1.0.1.tgz",
      "integrity": "sha512-HaBNxjLVxFGMYtaUUEeOFmVfKU4b16NbDVNBss8fgvx5ycHb6zRaTzd2pyhClHhI/q3tjrZYujPQhDEAXeBKIg=="
    }
  }
}
